// !$*UTF8*$!
{
	archiveVersion = 1;
	classes = {
	};
	objectVersion = 46;
	objects = {

/* Begin PBXBuildFile section */
		5BBA5C021D64DB3B00D9F9F2 /* AppDelegate.swift in Sources */ = {isa = PBXBuildFile; fileRef = 5BBA5C011D64DB3B00D9F9F2 /* AppDelegate.swift */; };
		5BBA5C041D64DB3B00D9F9F2 /* ViewController.swift in Sources */ = {isa = PBXBuildFile; fileRef = 5BBA5C031D64DB3B00D9F9F2 /* ViewController.swift */; };
		5BBA5C071D64DB3B00D9F9F2 /* Main.storyboard in Resources */ = {isa = PBXBuildFile; fileRef = 5BBA5C051D64DB3B00D9F9F2 /* Main.storyboard */; };
		5BBA5C091D64DB3B00D9F9F2 /* Assets.xcassets in Resources */ = {isa = PBXBuildFile; fileRef = 5BBA5C081D64DB3B00D9F9F2 /* Assets.xcassets */; };
		5BBA5C0C1D64DB3B00D9F9F2 /* LaunchScreen.storyboard in Resources */ = {isa = PBXBuildFile; fileRef = 5BBA5C0A1D64DB3B00D9F9F2 /* LaunchScreen.storyboard */; };
/* End PBXBuildFile section */

/* Begin PBXFileReference section */
		5BBA5BFE1D64DB3B00D9F9F2 /* ViewFun.app */ = {isa = PBXFileReference; explicitFileType = wrapper.application; includeInIndex = 0; path = ViewFun.app; sourceTree = BUILT_PRODUCTS_DIR; };
		5BBA5C011D64DB3B00D9F9F2 /* AppDelegate.swift */ = {isa = PBXFileReference; lastKnownFileType = sourcecode.swift; path = AppDelegate.swift; sourceTree = "<group>"; };
		5BBA5C031D64DB3B00D9F9F2 /* ViewController.swift */ = {isa = PBXFileReference; lastKnownFileType = sourcecode.swift; path = ViewController.swift; sourceTree = "<group>"; };
		5BBA5C061D64DB3B00D9F9F2 /* Base */ = {isa = PBXFileReference; lastKnownFileType = file.storyboard; name = Base; path = Base.lproj/Main.storyboard; sourceTree = "<group>"; };
		5BBA5C081D64DB3B00D9F9F2 /* Assets.xcassets */ = {isa = PBXFileReference; lastKnownFileType = folder.assetcatalog; path = Assets.xcassets; sourceTree = "<group>"; };
		5BBA5C0B1D64DB3B00D9F9F2 /* Base */ = {isa = PBXFileReference; lastKnownFileType = file.storyboard; name = Base; path = Base.lproj/LaunchScreen.storyboard; sourceTree = "<group>"; };
		5BBA5C0D1D64DB3B00D9F9F2 /* Info.plist */ = {isa = PBXFileReference; lastKnownFileType = text.plist.xml; path = Info.plist; sourceTree = "<group>"; };
/* End PBXFileReference section */

/* Begin PBXFrameworksBuildPhase section */
		5BBA5BFB1D64DB3B00D9F9F2 /* Frameworks */ = {
			isa = PBXFrameworksBuildPhase;
			buildActionMask = 2147483647;
			files = (
			);
			runOnlyForDeploymentPostprocessing = 0;
		};
/* End PBXFrameworksBuildPhase section */

/* Begin PBXGroup section */
		5BBA5BF51D64DB3B00D9F9F2 = {
			isa = PBXGroup;
			children = (
				5BBA5C001D64DB3B00D9F9F2 /* ViewFun */,
				5BBA5BFF1D64DB3B00D9F9F2 /* Products */,
			);
			sourceTree = "<group>";
		};
		5BBA5BFF1D64DB3B00D9F9F2 /* Products */ = {
			isa = PBXGroup;
			children = (
				5BBA5BFE1D64DB3B00D9F9F2 /* ViewFun.app */,
			);
			name = Products;
			sourceTree = "<group>";
		};
		5BBA5C001D64DB3B00D9F9F2 /* ViewFun */ = {
			isa = PBXGroup;
			children = (
				5BBA5C011D64DB3B00D9F9F2 /* AppDelegate.swift */,
				5BBA5C031D64DB3B00D9F9F2 /* ViewController.swift */,
				5BBA5C051D64DB3B00D9F9F2 /* Main.storyboard */,
				5BBA5C081D64DB3B00D9F9F2 /* Assets.xcassets */,
				5BBA5C0A1D64DB3B00D9F9F2 /* LaunchScreen.storyboard */,
				5BBA5C0D1D64DB3B00D9F9F2 /* Info.plist */,
			);
			path = ViewFun;
			sourceTree = "<group>";
		};
/* End PBXGroup section */

/* Begin PBXNativeTarget section */
		5BBA5BFD1D64DB3B00D9F9F2 /* ViewFun */ = {
			isa = PBXNativeTarget;
			buildConfigurationList = 5BBA5C101D64DB3B00D9F9F2 /* Build configuration list for PBXNativeTarget "ViewFun" */;
			buildPhases = (
				5BBA5BFA1D64DB3B00D9F9F2 /* Sources */,
				5BBA5BFB1D64DB3B00D9F9F2 /* Frameworks */,
				5BBA5BFC1D64DB3B00D9F9F2 /* Resources */,
			);
			buildRules = (
			);
			dependencies = (
			);
			name = ViewFun;
			productName = ViewFun;
			productReference = 5BBA5BFE1D64DB3B00D9F9F2 /* ViewFun.app */;
			productType = "com.apple.product-type.application";
		};
/* End PBXNativeTarget section */

/* Begin PBXProject section */
		5BBA5BF61D64DB3B00D9F9F2 /* Project object */ = {
			isa = PBXProject;
			attributes = {
				LastSwiftUpdateCheck = 0730;
				LastUpgradeCheck = 0730;
				ORGANIZATIONNAME = "Flatiron School";
				TargetAttributes = {
					5BBA5BFD1D64DB3B00D9F9F2 = {
						CreatedOnToolsVersion = 7.3.1;
						DevelopmentTeam = WNAGBXF4G9;
						LastSwiftMigration = 0800;
					};
				};
			};
			buildConfigurationList = 5BBA5BF91D64DB3B00D9F9F2 /* Build configuration list for PBXProject "ViewFun" */;
			compatibilityVersion = "Xcode 3.2";
			developmentRegion = English;
			hasScannedForEncodings = 0;
			knownRegions = (
				en,
				Base,
			);
			mainGroup = 5BBA5BF51D64DB3B00D9F9F2;
			productRefGroup = 5BBA5BFF1D64DB3B00D9F9F2 /* Products */;
			projectDirPath = "";
			projectRoot = "";
			targets = (
				5BBA5BFD1D64DB3B00D9F9F2 /* ViewFun */,
			);
		};
/* End PBXProject section */

/* Begin PBXResourcesBuildPhase section */
		5BBA5BFC1D64DB3B00D9F9F2 /* Resources */ = {
			isa = PBXResourcesBuildPhase;
			buildActionMask = 2147483647;
			files = (
				5BBA5C0C1D64DB3B00D9F9F2 /* LaunchScreen.storyboard in Resources */,
				5BBA5C091D64DB3B00D9F9F2 /* Assets.xcassets in Resources */,
				5BBA5C071D64DB3B00D9F9F2 /* Main.storyboard in Resources */,
			);
			runOnlyForDeploymentPostprocessing = 0;
		};
/* End PBXResourcesBuildPhase section */

/* Begin PBXSourcesBuildPhase section */
		5BBA5BFA1D64DB3B00D9F9F2 /* Sources */ = {
			isa = PBXSourcesBuildPhase;
			buildActionMask = 2147483647;
			files = (
				5BBA5C041D64DB3B00D9F9F2 /* ViewController.swift in Sources */,
				5BBA5C021D64DB3B00D9F9F2 /* AppDelegate.swift in Sources */,
			);
			runOnlyForDeploymentPostprocessing = 0;
		};
/* End PBXSourcesBuildPhase section */

/* Begin PBXVariantGroup section */
		5BBA5C051D64DB3B00D9F9F2 /* Main.storyboard */ = {
			isa = PBXVariantGroup;
			children = (
				5BBA5C061D64DB3B00D9F9F2 /* Base */,
			);
			name = Main.storyboard;
			sourceTree = "<group>";
		};
		5BBA5C0A1D64DB3B00D9F9F2 /* LaunchScreen.storyboard */ = {
			isa = PBXVariantGroup;
			children = (
				5BBA5C0B1D64DB3B00D9F9F2 /* Base */,
			);
			name = LaunchScreen.storyboard;
			sourceTree = "<group>";
		};
/* End PBXVariantGroup section */

/* Begin XCBuildConfiguration section */
		5BBA5C0E1D64DB3B00D9F9F2 /* Debug */ = {
			isa = XCBuildConfiguration;
			buildSettings = {
				ALWAYS_SEARCH_USER_PATHS = NO;
				CLANG_ANALYZER_NONNULL = YES;
				CLANG_CXX_LANGUAGE_STANDARD = "gnu++0x";
				CLANG_CXX_LIBRARY = "libc++";
				CLANG_ENABLE_MODULES = YES;
				CLANG_ENABLE_OBJC_ARC = YES;
				CLANG_WARN_BOOL_CONVERSION = YES;
				CLANG_WARN_CONSTANT_CONVERSION = YES;
				CLANG_WARN_DIRECT_OBJC_ISA_USAGE = YES_ERROR;
				CLANG_WARN_EMPTY_BODY = YES;
				CLANG_WARN_ENUM_CONVERSION = YES;
				CLANG_WARN_INT_CONVERSION = YES;
				CLANG_WARN_OBJC_ROOT_CLASS = YES_ERROR;
				CLANG_WARN_UNREACHABLE_CODE = YES;
				CLANG_WARN__DUPLICATE_METHOD_MATCH = YES;
				"CODE_SIGN_IDENTITY[sdk=iphoneos*]" = "iPhone Developer";
				COPY_PHASE_STRIP = NO;
				DEBUG_INFORMATION_FORMAT = dwarf;
				ENABLE_STRICT_OBJC_MSGSEND = YES;
				ENABLE_TESTABILITY = YES;
				GCC_C_LANGUAGE_STANDARD = gnu99;
				GCC_DYNAMIC_NO_PIC = NO;
				GCC_NO_COMMON_BLOCKS = YES;
				GCC_OPTIMIZATION_LEVEL = 0;
				GCC_PREPROCESSOR_DEFINITIONS = (
					"DEBUG=1",
					"$(inherited)",
				);
				GCC_WARN_64_TO_32_BIT_CONVERSION = YES;
				GCC_WARN_ABOUT_RETURN_TYPE = YES_ERROR;
				GCC_WARN_UNDECLARED_SELECTOR = YES;
				GCC_WARN_UNINITIALIZED_AUTOS = YES_AGGRESSIVE;
				GCC_WARN_UNUSED_FUNCTION = YES;
				GCC_WARN_UNUSED_VARIABLE = YES;
				IPHONEOS_DEPLOYMENT_TARGET = 9.3;
				MTL_ENABLE_DEBUG_INFO = YES;
				ONLY_ACTIVE_ARCH = YES;
				SDKROOT = iphoneos;
				SWIFT_OPTIMIZATION_LEVEL = "-Onone";
			};
			name = Debug;
		};
		5BBA5C0F1D64DB3B00D9F9F2 /* Release */ = {
			isa = XCBuildConfiguration;
			buildSettings = {
				ALWAYS_SEARCH_USER_PATHS = NO;
				CLANG_ANALYZER_NONNULL = YES;
				CLANG_CXX_LANGUAGE_STANDARD = "gnu++0x";
				CLANG_CXX_LIBRARY = "libc++";
				CLANG_ENABLE_MODULES = YES;
				CLANG_ENABLE_OBJC_ARC = YES;
				CLANG_WARN_BOOL_CONVERSION = YES;
				CLANG_WARN_CONSTANT_CONVERSION = YES;
				CLANG_WARN_DIRECT_OBJC_ISA_USAGE = YES_ERROR;
				CLANG_WARN_EMPTY_BODY = YES;
				CLANG_WARN_ENUM_CONVERSION = YES;
				CLANG_WARN_INT_CONVERSION = YES;
				CLANG_WARN_OBJC_ROOT_CLASS = YES_ERROR;
				CLANG_WARN_UNREACHABLE_CODE = YES;
				CLANG_WARN__DUPLICATE_METHOD_MATCH = YES;
				"CODE_SIGN_IDENTITY[sdk=iphoneos*]" = "iPhone Developer";
				COPY_PHASE_STRIP = NO;
				DEBUG_INFORMATION_FORMAT = "dwarf-with-dsym";
				ENABLE_NS_ASSERTIONS = NO;
				ENABLE_STRICT_OBJC_MSGSEND = YES;
				GCC_C_LANGUAGE_STANDARD = gnu99;
				GCC_NO_COMMON_BLOCKS = YES;
				GCC_WARN_64_TO_32_BIT_CONVERSION = YES;
				GCC_WARN_ABOUT_RETURN_TYPE = YES_ERROR;
				GCC_WARN_UNDECLARED_SELECTOR = YES;
				GCC_WARN_UNINITIALIZED_AUTOS = YES_AGGRESSIVE;
				GCC_WARN_UNUSED_FUNCTION = YES;
				GCC_WARN_UNUSED_VARIABLE = YES;
				IPHONEOS_DEPLOYMENT_TARGET = 9.3;
				MTL_ENABLE_DEBUG_INFO = NO;
				SDKROOT = iphoneos;
				VALIDATE_PRODUCT = YES;
			};
			name = Release;
		};
		5BBA5C111D64DB3B00D9F9F2 /* Debug */ = {
			isa = XCBuildConfiguration;
			buildSettings = {
				ASSETCATALOG_COMPILER_APPICON_NAME = AppIcon;
				DEVELOPMENT_TEAM = WNAGBXF4G9;
				INFOPLIST_FILE = ViewFun/Info.plist;
				LD_RUNPATH_SEARCH_PATHS = "$(inherited) @executable_path/Frameworks";
				PRODUCT_BUNDLE_IDENTIFIER = com.flatironSchool.ViewFun;
				PRODUCT_NAME = "$(TARGET_NAME)";
				SWIFT_VERSION = 3.0;
			};
			name = Debug;
		};
		5BBA5C121D64DB3B00D9F9F2 /* Release */ = {
			isa = XCBuildConfiguration;
			buildSettings = {
				ASSETCATALOG_COMPILER_APPICON_NAME = AppIcon;
				DEVELOPMENT_TEAM = WNAGBXF4G9;
				INFOPLIST_FILE = ViewFun/Info.plist;
				LD_RUNPATH_SEARCH_PATHS = "$(inherited) @executable_path/Frameworks";
				PRODUCT_BUNDLE_IDENTIFIER = com.flatironSchool.ViewFun;
				PRODUCT_NAME = "$(TARGET_NAME)";
				SWIFT_VERSION = 3.0;
			};
			name = Release;
		};
/* End XCBuildConfiguration section */

/* Begin XCConfigurationList section */
		5BBA5BF91D64DB3B00D9F9F2 /* Build configuration list for PBXProject "ViewFun" */ = {
			isa = XCConfigurationList;
			buildConfigurations = (
				5BBA5C0E1D64DB3B00D9F9F2 /* Debug */,
				5BBA5C0F1D64DB3B00D9F9F2 /* Release */,
			);
			defaultConfigurationIsVisible = 0;
			defaultConfigurationName = Release;
		};
		5BBA5C101D64DB3B00D9F9F2 /* Build configuration list for PBXNativeTarget "ViewFun" */ = {
			isa = XCConfigurationList;
			buildConfigurations = (
				5BBA5C111D64DB3B00D9F9F2 /* Debug */,
				5BBA5C121D64DB3B00D9F9F2 /* Release */,
			);
			defaultConfigurationIsVisible = 0;
			defaultConfigurationName = Release;
		};
/* End XCConfigurationList section */
	};
	rootObject = 5BBA5BF61D64DB3B00D9F9F2 /* Project object */;
}
